
Microsoft Visual Studio Solution File, Format Version 12.00
# Visual Studio Version 17
VisualStudioVersion = 17.11.35208.52
MinimumVisualStudioVersion = 10.0.40219.1
Project("{FAE04EC0-301F-11D3-BF4B-00C04F79EFBC}") = "LogicaNegocio", "LogicaNegocio\LogicaNegocio.csproj", "{D3DB89D4-0117-43C4-B73E-86EBD2F5D9DD}"
EndProject
Project("{FAE04EC0-301F-11D3-BF4B-00C04F79EFBC}") = "InterfazUsuario", "InterfazUsuario\InterfazUsuario.csproj", "{A01C8995-DCCD-41A2-B4E1-DC449A658169}"
EndProject
Global
	GlobalSection(SolutionConfigurationPlatforms) = preSolution
		Debug|Any CPU = Debug|Any CPU
		Release|Any CPU = Release|Any CPU
	EndGlobalSection
	GlobalSection(ProjectConfigurationPlatforms) = postSolution
		{D3DB89D4-0117-43C4-B73E-86EBD2F5D9DD}.Debug|Any CPU.ActiveCfg = Debug|Any CPU
		{D3DB89D4-0117-43C4-B73E-86EBD2F5D9DD}.Debug|Any CPU.Build.0 = Debug|Any CPU
		{D3DB89D4-0117-43C4-B73E-86EBD2F5D9DD}.Release|Any CPU.ActiveCfg = Release|Any CPU
		{D3DB89D4-0117-43C4-B73E-86EBD2F5D9DD}.Release|Any CPU.Build.0 = Release|Any CPU
		{A01C8995-DCCD-41A2-B4E1-DC449A658169}.Debug|Any CPU.ActiveCfg = Debug|Any CPU
		{A01C8995-DCCD-41A2-B4E1-DC449A658169}.Debug|Any CPU.Build.0 = Debug|Any CPU
		{A01C8995-DCCD-41A2-B4E1-DC449A658169}.Release|Any CPU.ActiveCfg = Release|Any CPU
		{A01C8995-DCCD-41A2-B4E1-DC449A658169}.Release|Any CPU.Build.0 = Release|Any CPU
	EndGlobalSection
	GlobalSection(SolutionProperties) = preSolution
		HideSolutionNode = FALSE
	EndGlobalSection
	GlobalSection(ExtensibilityGlobals) = postSolution
		SolutionGuid = {B2932F2D-B1AB-4FAD-908B-D14ED027B32E}
	EndGlobalSection
EndGlobal
